
Microsoft Visual Studio Solution File, Format Version 12.00
# Visual Studio Express 2012 for Web
Project("{FAE04EC0-301F-11D3-BF4B-00C04F79EFBC}") = "CA3_D10120047", "CA3_D10120047\CA3_D10120047.csproj", "{DB4BBB59-C858-4D8E-9D8F-A30C474F4B2F}"
EndProject
Project("{FAE04EC0-301F-11D3-BF4B-00C04F79EFBC}") = "CA3_D10120047.Tests", "CA3_D10120047.Tests\CA3_D10120047.Tests.csproj", "{0A598432-A153-497E-94ED-46DD1AB7A907}"
EndProject
Global
	GlobalSection(TeamFoundationVersionControl) = preSolution
		SccNumberOfProjects = 3
		SccEnterpriseProvider = {4CA58AB2-18FA-4F8D-95D4-32DDF27D184C}
		SccTeamFoundationServer = https://timgeaney.visualstudio.com/defaultcollection
		SccLocalPath0 = .
		SccProjectUniqueName1 = CA3_D10120047.Tests\\CA3_D10120047.Tests.csproj
		SccProjectName1 = CA3_D10120047.Tests
		SccLocalPath1 = CA3_D10120047.Tests
		SccProjectUniqueName2 = CA3_D10120047\\CA3_D10120047.csproj
		SccProjectName2 = CA3_D10120047
		SccLocalPath2 = CA3_D10120047
	EndGlobalSection
	GlobalSection(SolutionConfigurationPlatforms) = preSolution
		Debug|Any CPU = Debug|Any CPU
		Release|Any CPU = Release|Any CPU
	EndGlobalSection
	GlobalSection(ProjectConfigurationPlatforms) = postSolution
		{DB4BBB59-C858-4D8E-9D8F-A30C474F4B2F}.Debug|Any CPU.ActiveCfg = Debug|Any CPU
		{DB4BBB59-C858-4D8E-9D8F-A30C474F4B2F}.Debug|Any CPU.Build.0 = Debug|Any CPU
		{DB4BBB59-C858-4D8E-9D8F-A30C474F4B2F}.Release|Any CPU.ActiveCfg = Release|Any CPU
		{DB4BBB59-C858-4D8E-9D8F-A30C474F4B2F}.Release|Any CPU.Build.0 = Release|Any CPU
		{0A598432-A153-497E-94ED-46DD1AB7A907}.Debug|Any CPU.ActiveCfg = Debug|Any CPU
		{0A598432-A153-497E-94ED-46DD1AB7A907}.Debug|Any CPU.Build.0 = Debug|Any CPU
		{0A598432-A153-497E-94ED-46DD1AB7A907}.Release|Any CPU.ActiveCfg = Release|Any CPU
		{0A598432-A153-497E-94ED-46DD1AB7A907}.Release|Any CPU.Build.0 = Release|Any CPU
	EndGlobalSection
	GlobalSection(SolutionProperties) = preSolution
		HideSolutionNode = FALSE
	EndGlobalSection
EndGlobal
